// !$*UTF8*$!
{
	archiveVersion = 1;
	classes = {
	};
	objectVersion = 54;
	objects = {

/* Begin PBXBuildFile section */
		00E356F31AD99517003FC87E /* NFoodTests.m in Sources */ = {isa = PBXBuildFile; fileRef = 00E356F21AD99517003FC87E /* NFoodTests.m */; };
		13B07FBC1A68108700A75B9A /* AppDelegate.m in Sources */ = {isa = PBXBuildFile; fileRef = 13B07FB01A68108700A75B9A /* AppDelegate.m */; };
		13B07FBF1A68108700A75B9A /* Images.xcassets in Resources */ = {isa = PBXBuildFile; fileRef = 13B07FB51A68108700A75B9A /* Images.xcassets */; };
		13B07FC11A68108700A75B9A /* main.m in Sources */ = {isa = PBXBuildFile; fileRef = 13B07FB71A68108700A75B9A /* main.m */; };
		81AB9BB82411601600AC10FF /* LaunchScreen.storyboard in Resources */ = {isa = PBXBuildFile; fileRef = 81AB9BB72411601600AC10FF /* LaunchScreen.storyboard */; };
		7F994030C7734E9BAE47CD7B /* Avenir Book.ttf in Resources */ = {isa = PBXBuildFile; fileRef = 402905D5FF494D3FB9D5D320 /* Avenir Book.ttf */; };
		D8AC3E5455AA49C9A23F1213 /* Guthen Bloots Personal Use.ttf in Resources */ = {isa = PBXBuildFile; fileRef = 0147B88711FE42D6AB2741DD /* Guthen Bloots Personal Use.ttf */; };
		FE8F09A2D4A84155876B0717 /* HelveticaNeue-Bold.otf in Resources */ = {isa = PBXBuildFile; fileRef = C97E52A768DA493F9A9E5329 /* HelveticaNeue-Bold.otf */; };
		6CB7F5DFA1A34F129690D866 /* HelveticaNeue.otf in Resources */ = {isa = PBXBuildFile; fileRef = C2813C5A30604BD5BE9A8EC1 /* HelveticaNeue.otf */; };
		22D8557746214B12ACF8B714 /* SF-UI-Display-Semibold.ttf in Resources */ = {isa = PBXBuildFile; fileRef = D0692EF0D66D4FC5BA37C5DF /* SF-UI-Display-Semibold.ttf */; };
		C718ADF355054F77A9206E21 /* SF-UI-Text-Medium.ttf in Resources */ = {isa = PBXBuildFile; fileRef = 07134791174E4270BF993C0E /* SF-UI-Text-Medium.ttf */; };
		E15600CFA3714F5192581DCB /* SF-UI-Text-Regular.ttf in Resources */ = {isa = PBXBuildFile; fileRef = 159A38A240644D1CB64742B1 /* SF-UI-Text-Regular.ttf */; };
		F66466651756498989B2FEC9 /* SF-UI-Text-Semibold.ttf in Resources */ = {isa = PBXBuildFile; fileRef = 386A1EC70D0F4758BCE10B9A /* SF-UI-Text-Semibold.ttf */; };
		04D2A6A9555447B0B51F413D /* AntDesign.ttf in Resources */ = {isa = PBXBuildFile; fileRef = 6130C8AEC80A4EB78539530A /* AntDesign.ttf */; };
		54F26BDE9BC3491FAE46F057 /* Entypo.ttf in Resources */ = {isa = PBXBuildFile; fileRef = F3556ED1062745C6AB9272F2 /* Entypo.ttf */; };
		F14F5002A7CF4A308690ADDC /* EvilIcons.ttf in Resources */ = {isa = PBXBuildFile; fileRef = 8F78E5A7D9784EAF92C5FE0D /* EvilIcons.ttf */; };
		E38B3772F21D4E64BA8A4C6C /* Feather.ttf in Resources */ = {isa = PBXBuildFile; fileRef = 676F8604963F4EE19DC99FB2 /* Feather.ttf */; };
		5F2D4FCB7B9B40F0BD11BE97 /* FontAwesome.ttf in Resources */ = {isa = PBXBuildFile; fileRef = 0DAE9E9F93674757A7C9DA57 /* FontAwesome.ttf */; };
		5ECE44A8496E4975A55A028E /* FontAwesome5_Brands.ttf in Resources */ = {isa = PBXBuildFile; fileRef = 90EBE5C7B11149E7A5E748DF /* FontAwesome5_Brands.ttf */; };
		B137C4FAA18B4D21B05F53C2 /* FontAwesome5_Regular.ttf in Resources */ = {isa = PBXBuildFile; fileRef = F4F2BF6C32F94FFF9D3F941F /* FontAwesome5_Regular.ttf */; };
		600DE156131D463BB8C61953 /* FontAwesome5_Solid.ttf in Resources */ = {isa = PBXBuildFile; fileRef = C1258082A57B4FFB90CC08BF /* FontAwesome5_Solid.ttf */; };
		CA74C812A17745D19E3B342C /* Fontisto.ttf in Resources */ = {isa = PBXBuildFile; fileRef = 90458D096D694BBD92A6E881 /* Fontisto.ttf */; };
		D08D2778CEBD4F1B99867523 /* Foundation.ttf in Resources */ = {isa = PBXBuildFile; fileRef = 8095CE1E8D1D406B888CBE58 /* Foundation.ttf */; };
		48A754AB41334184824A2930 /* Ionicons.ttf in Resources */ = {isa = PBXBuildFile; fileRef = 4429ADCB7B704F70959D68B6 /* Ionicons.ttf */; };
		E0C8716C296F409A892BE03B /* MaterialCommunityIcons.ttf in Resources */ = {isa = PBXBuildFile; fileRef = 80B078A57EEF47FDB8B1D825 /* MaterialCommunityIcons.ttf */; };
		4B9C7620FCD84F08992A76C9 /* MaterialIcons.ttf in Resources */ = {isa = PBXBuildFile; fileRef = 28EB9184FFE0414BAA318A13 /* MaterialIcons.ttf */; };
		B1EBFCCA453B4CA3AD1CB361 /* Octicons.ttf in Resources */ = {isa = PBXBuildFile; fileRef = 7A7CC921E4A44E4F9D9F9DA6 /* Octicons.ttf */; };
		02863B90ACE6417FA2143A75 /* SimpleLineIcons.ttf in Resources */ = {isa = PBXBuildFile; fileRef = 24BF8E330C4747C184EF07A8 /* SimpleLineIcons.ttf */; };
		86AA715AD084487185880170 /* Zocial.ttf in Resources */ = {isa = PBXBuildFile; fileRef = B03DBE8325B44843B44F2F8C /* Zocial.ttf */; };
		AF58F2356B0E49B5BBB2123D /* Dongle-Bold.ttf in Resources */ = {isa = PBXBuildFile; fileRef = B65AFAFD328647E9AD31ED84 /* Dongle-Bold.ttf */; };
		AF750E1059A94AD083E938EE /* Dongle-Light.ttf in Resources */ = {isa = PBXBuildFile; fileRef = 1DE726EDFFA04E7694A15A93 /* Dongle-Light.ttf */; };
		F32DF794C30048B9A98824B8 /* Dongle-Regular.ttf in Resources */ = {isa = PBXBuildFile; fileRef = 8F45C668B8B847C7BBD5DA59 /* Dongle-Regular.ttf */; };
		E60F6ECD319341B5AC0BBA11 /* SVN-Poppins Black.ttf in Resources */ = {isa = PBXBuildFile; fileRef = 7D45DEAF9440449BA836584C /* SVN-Poppins Black.ttf */; };
		EA06F94893714EACB02D7F61 /* SVN-Poppins Bold.ttf in Resources */ = {isa = PBXBuildFile; fileRef = 1BB08FFC61C24FBC8E05458E /* SVN-Poppins Bold.ttf */; };
		F532C8F7860C4D68BE0CC30E /* SVN-Poppins Medium.ttf in Resources */ = {isa = PBXBuildFile; fileRef = B99F98AA11304EC4BEF25D6B /* SVN-Poppins Medium.ttf */; };
		A9B1A8BBC1A94F178FECFBAE /* SVN-Poppins Regular.ttf in Resources */ = {isa = PBXBuildFile; fileRef = A1D6A61D6B694B9CAE0EB75D /* SVN-Poppins Regular.ttf */; };
		ABE3BF10510E427D896C598F /* SVN-Poppins SemiBold.ttf in Resources */ = {isa = PBXBuildFile; fileRef = EDE4AAE3F31B4A7BA6D4E889 /* SVN-Poppins SemiBold.ttf */; };
/* End PBXBuildFile section */

/* Begin PBXContainerItemProxy section */
		00E356F41AD99517003FC87E /* PBXContainerItemProxy */ = {
			isa = PBXContainerItemProxy;
			containerPortal = 83CBB9F71A601CBA00E9B192 /* Project object */;
			proxyType = 1;
			remoteGlobalIDString = 13B07F861A680F5B00A75B9A;
			remoteInfo = NFood;
		};
/* End PBXContainerItemProxy section */

/* Begin PBXFileReference section */
		00E356EE1AD99517003FC87E /* NFoodTests.xctest */ = {isa = PBXFileReference; explicitFileType = wrapper.cfbundle; includeInIndex = 0; path = NFoodTests.xctest; sourceTree = BUILT_PRODUCTS_DIR; };
		00E356F11AD99517003FC87E /* Info.plist */ = {isa = PBXFileReference; lastKnownFileType = text.plist.xml; path = Info.plist; sourceTree = "<group>"; };
		00E356F21AD99517003FC87E /* NFoodTests.m */ = {isa = PBXFileReference; lastKnownFileType = sourcecode.c.objc; path = NFoodTests.m; sourceTree = "<group>"; };
		13B07F961A680F5B00A75B9A /* NFood.app */ = {isa = PBXFileReference; explicitFileType = wrapper.application; includeInIndex = 0; path = NFood.app; sourceTree = BUILT_PRODUCTS_DIR; };
		13B07FAF1A68108700A75B9A /* AppDelegate.h */ = {isa = PBXFileReference; fileEncoding = 4; lastKnownFileType = sourcecode.c.h; name = AppDelegate.h; path = NFood/AppDelegate.h; sourceTree = "<group>"; };
		13B07FB01A68108700A75B9A /* AppDelegate.m */ = {isa = PBXFileReference; fileEncoding = 4; lastKnownFileType = sourcecode.c.objc; name = AppDelegate.m; path = NFood/AppDelegate.m; sourceTree = "<group>"; };
		13B07FB51A68108700A75B9A /* Images.xcassets */ = {isa = PBXFileReference; lastKnownFileType = folder.assetcatalog; name = Images.xcassets; path = NFood/Images.xcassets; sourceTree = "<group>"; };
		13B07FB61A68108700A75B9A /* Info.plist */ = {isa = PBXFileReference; fileEncoding = 4; lastKnownFileType = text.plist.xml; name = Info.plist; path = NFood/Info.plist; sourceTree = "<group>"; };
		13B07FB71A68108700A75B9A /* main.m */ = {isa = PBXFileReference; fileEncoding = 4; lastKnownFileType = sourcecode.c.objc; name = main.m; path = NFood/main.m; sourceTree = "<group>"; };
		81AB9BB72411601600AC10FF /* LaunchScreen.storyboard */ = {isa = PBXFileReference; fileEncoding = 4; lastKnownFileType = file.storyboard; name = LaunchScreen.storyboard; path = NFood/LaunchScreen.storyboard; sourceTree = "<group>"; };
		ED297162215061F000B7C4FE /* JavaScriptCore.framework */ = {isa = PBXFileReference; lastKnownFileType = wrapper.framework; name = JavaScriptCore.framework; path = System/Library/Frameworks/JavaScriptCore.framework; sourceTree = SDKROOT; };
		402905D5FF494D3FB9D5D320 /* Avenir Book.ttf */ = {isa = PBXFileReference; name = "Avenir Book.ttf"; path = "../assets/fonts/Avenir Book.ttf"; sourceTree = "<group>"; fileEncoding = undefined; lastKnownFileType = unknown; explicitFileType = undefined; includeInIndex = 0; };
		0147B88711FE42D6AB2741DD /* Guthen Bloots Personal Use.ttf */ = {isa = PBXFileReference; name = "Guthen Bloots Personal Use.ttf"; path = "../assets/fonts/Guthen Bloots Personal Use.ttf"; sourceTree = "<group>"; fileEncoding = undefined; lastKnownFileType = unknown; explicitFileType = undefined; includeInIndex = 0; };
		C97E52A768DA493F9A9E5329 /* HelveticaNeue-Bold.otf */ = {isa = PBXFileReference; name = "HelveticaNeue-Bold.otf"; path = "../assets/fonts/HelveticaNeue-Bold.otf"; sourceTree = "<group>"; fileEncoding = undefined; lastKnownFileType = unknown; explicitFileType = undefined; includeInIndex = 0; };
		C2813C5A30604BD5BE9A8EC1 /* HelveticaNeue.otf */ = {isa = PBXFileReference; name = "HelveticaNeue.otf"; path = "../assets/fonts/HelveticaNeue.otf"; sourceTree = "<group>"; fileEncoding = undefined; lastKnownFileType = unknown; explicitFileType = undefined; includeInIndex = 0; };
		D0692EF0D66D4FC5BA37C5DF /* SF-UI-Display-Semibold.ttf */ = {isa = PBXFileReference; name = "SF-UI-Display-Semibold.ttf"; path = "../assets/fonts/SF-UI-Display-Semibold.ttf"; sourceTree = "<group>"; fileEncoding = undefined; lastKnownFileType = unknown; explicitFileType = undefined; includeInIndex = 0; };
		07134791174E4270BF993C0E /* SF-UI-Text-Medium.ttf */ = {isa = PBXFileReference; name = "SF-UI-Text-Medium.ttf"; path = "../assets/fonts/SF-UI-Text-Medium.ttf"; sourceTree = "<group>"; fileEncoding = undefined; lastKnownFileType = unknown; explicitFileType = undefined; includeInIndex = 0; };
		159A38A240644D1CB64742B1 /* SF-UI-Text-Regular.ttf */ = {isa = PBXFileReference; name = "SF-UI-Text-Regular.ttf"; path = "../assets/fonts/SF-UI-Text-Regular.ttf"; sourceTree = "<group>"; fileEncoding = undefined; lastKnownFileType = unknown; explicitFileType = undefined; includeInIndex = 0; };
		386A1EC70D0F4758BCE10B9A /* SF-UI-Text-Semibold.ttf */ = {isa = PBXFileReference; name = "SF-UI-Text-Semibold.ttf"; path = "../assets/fonts/SF-UI-Text-Semibold.ttf"; sourceTree = "<group>"; fileEncoding = undefined; lastKnownFileType = unknown; explicitFileType = undefined; includeInIndex = 0; };
		6130C8AEC80A4EB78539530A /* AntDesign.ttf */ = {isa = PBXFileReference; name = "AntDesign.ttf"; path = "../node_modules/react-native-vector-icons/Fonts/AntDesign.ttf"; sourceTree = "<group>"; fileEncoding = undefined; lastKnownFileType = unknown; explicitFileType = undefined; includeInIndex = 0; };
		F3556ED1062745C6AB9272F2 /* Entypo.ttf */ = {isa = PBXFileReference; name = "Entypo.ttf"; path = "../node_modules/react-native-vector-icons/Fonts/Entypo.ttf"; sourceTree = "<group>"; fileEncoding = undefined; lastKnownFileType = unknown; explicitFileType = undefined; includeInIndex = 0; };
		8F78E5A7D9784EAF92C5FE0D /* EvilIcons.ttf */ = {isa = PBXFileReference; name = "EvilIcons.ttf"; path = "../node_modules/react-native-vector-icons/Fonts/EvilIcons.ttf"; sourceTree = "<group>"; fileEncoding = undefined; lastKnownFileType = unknown; explicitFileType = undefined; includeInIndex = 0; };
		676F8604963F4EE19DC99FB2 /* Feather.ttf */ = {isa = PBXFileReference; name = "Feather.ttf"; path = "../node_modules/react-native-vector-icons/Fonts/Feather.ttf"; sourceTree = "<group>"; fileEncoding = undefined; lastKnownFileType = unknown; explicitFileType = undefined; includeInIndex = 0; };
		0DAE9E9F93674757A7C9DA57 /* FontAwesome.ttf */ = {isa = PBXFileReference; name = "FontAwesome.ttf"; path = "../node_modules/react-native-vector-icons/Fonts/FontAwesome.ttf"; sourceTree = "<group>"; fileEncoding = undefined; lastKnownFileType = unknown; explicitFileType = undefined; includeInIndex = 0; };
		90EBE5C7B11149E7A5E748DF /* FontAwesome5_Brands.ttf */ = {isa = PBXFileReference; name = "FontAwesome5_Brands.ttf"; path = "../node_modules/react-native-vector-icons/Fonts/FontAwesome5_Brands.ttf"; sourceTree = "<group>"; fileEncoding = undefined; lastKnownFileType = unknown; explicitFileType = undefined; includeInIndex = 0; };
		F4F2BF6C32F94FFF9D3F941F /* FontAwesome5_Regular.ttf */ = {isa = PBXFileReference; name = "FontAwesome5_Regular.ttf"; path = "../node_modules/react-native-vector-icons/Fonts/FontAwesome5_Regular.ttf"; sourceTree = "<group>"; fileEncoding = undefined; lastKnownFileType = unknown; explicitFileType = undefined; includeInIndex = 0; };
		C1258082A57B4FFB90CC08BF /* FontAwesome5_Solid.ttf */ = {isa = PBXFileReference; name = "FontAwesome5_Solid.ttf"; path = "../node_modules/react-native-vector-icons/Fonts/FontAwesome5_Solid.ttf"; sourceTree = "<group>"; fileEncoding = undefined; lastKnownFileType = unknown; explicitFileType = undefined; includeInIndex = 0; };
		90458D096D694BBD92A6E881 /* Fontisto.ttf */ = {isa = PBXFileReference; name = "Fontisto.ttf"; path = "../node_modules/react-native-vector-icons/Fonts/Fontisto.ttf"; sourceTree = "<group>"; fileEncoding = undefined; lastKnownFileType = unknown; explicitFileType = undefined; includeInIndex = 0; };
		8095CE1E8D1D406B888CBE58 /* Foundation.ttf */ = {isa = PBXFileReference; name = "Foundation.ttf"; path = "../node_modules/react-native-vector-icons/Fonts/Foundation.ttf"; sourceTree = "<group>"; fileEncoding = undefined; lastKnownFileType = unknown; explicitFileType = undefined; includeInIndex = 0; };
		4429ADCB7B704F70959D68B6 /* Ionicons.ttf */ = {isa = PBXFileReference; name = "Ionicons.ttf"; path = "../node_modules/react-native-vector-icons/Fonts/Ionicons.ttf"; sourceTree = "<group>"; fileEncoding = undefined; lastKnownFileType = unknown; explicitFileType = undefined; includeInIndex = 0; };
		80B078A57EEF47FDB8B1D825 /* MaterialCommunityIcons.ttf */ = {isa = PBXFileReference; name = "MaterialCommunityIcons.ttf"; path = "../node_modules/react-native-vector-icons/Fonts/MaterialCommunityIcons.ttf"; sourceTree = "<group>"; fileEncoding = undefined; lastKnownFileType = unknown; explicitFileType = undefined; includeInIndex = 0; };
		28EB9184FFE0414BAA318A13 /* MaterialIcons.ttf */ = {isa = PBXFileReference; name = "MaterialIcons.ttf"; path = "../node_modules/react-native-vector-icons/Fonts/MaterialIcons.ttf"; sourceTree = "<group>"; fileEncoding = undefined; lastKnownFileType = unknown; explicitFileType = undefined; includeInIndex = 0; };
		7A7CC921E4A44E4F9D9F9DA6 /* Octicons.ttf */ = {isa = PBXFileReference; name = "Octicons.ttf"; path = "../node_modules/react-native-vector-icons/Fonts/Octicons.ttf"; sourceTree = "<group>"; fileEncoding = undefined; lastKnownFileType = unknown; explicitFileType = undefined; includeInIndex = 0; };
		24BF8E330C4747C184EF07A8 /* SimpleLineIcons.ttf */ = {isa = PBXFileReference; name = "SimpleLineIcons.ttf"; path = "../node_modules/react-native-vector-icons/Fonts/SimpleLineIcons.ttf"; sourceTree = "<group>"; fileEncoding = undefined; lastKnownFileType = unknown; explicitFileType = undefined; includeInIndex = 0; };
		B03DBE8325B44843B44F2F8C /* Zocial.ttf */ = {isa = PBXFileReference; name = "Zocial.ttf"; path = "../node_modules/react-native-vector-icons/Fonts/Zocial.ttf"; sourceTree = "<group>"; fileEncoding = undefined; lastKnownFileType = unknown; explicitFileType = undefined; includeInIndex = 0; };
		B65AFAFD328647E9AD31ED84 /* Dongle-Bold.ttf */ = {isa = PBXFileReference; name = "Dongle-Bold.ttf"; path = "../assets/fonts/Dongle-Bold.ttf"; sourceTree = "<group>"; fileEncoding = undefined; lastKnownFileType = unknown; explicitFileType = undefined; includeInIndex = 0; };
		1DE726EDFFA04E7694A15A93 /* Dongle-Light.ttf */ = {isa = PBXFileReference; name = "Dongle-Light.ttf"; path = "../assets/fonts/Dongle-Light.ttf"; sourceTree = "<group>"; fileEncoding = undefined; lastKnownFileType = unknown; explicitFileType = undefined; includeInIndex = 0; };
		8F45C668B8B847C7BBD5DA59 /* Dongle-Regular.ttf */ = {isa = PBXFileReference; name = "Dongle-Regular.ttf"; path = "../assets/fonts/Dongle-Regular.ttf"; sourceTree = "<group>"; fileEncoding = undefined; lastKnownFileType = unknown; explicitFileType = undefined; includeInIndex = 0; };
		7D45DEAF9440449BA836584C /* SVN-Poppins Black.ttf */ = {isa = PBXFileReference; name = "SVN-Poppins Black.ttf"; path = "../assets/fonts/SVN-Poppins Black.ttf"; sourceTree = "<group>"; fileEncoding = undefined; lastKnownFileType = unknown; explicitFileType = undefined; includeInIndex = 0; };
		1BB08FFC61C24FBC8E05458E /* SVN-Poppins Bold.ttf */ = {isa = PBXFileReference; name = "SVN-Poppins Bold.ttf"; path = "../assets/fonts/SVN-Poppins Bold.ttf"; sourceTree = "<group>"; fileEncoding = undefined; lastKnownFileType = unknown; explicitFileType = undefined; includeInIndex = 0; };
		B99F98AA11304EC4BEF25D6B /* SVN-Poppins Medium.ttf */ = {isa = PBXFileReference; name = "SVN-Poppins Medium.ttf"; path = "../assets/fonts/SVN-Poppins Medium.ttf"; sourceTree = "<group>"; fileEncoding = undefined; lastKnownFileType = unknown; explicitFileType = undefined; includeInIndex = 0; };
		A1D6A61D6B694B9CAE0EB75D /* SVN-Poppins Regular.ttf */ = {isa = PBXFileReference; name = "SVN-Poppins Regular.ttf"; path = "../assets/fonts/SVN-Poppins Regular.ttf"; sourceTree = "<group>"; fileEncoding = undefined; lastKnownFileType = unknown; explicitFileType = undefined; includeInIndex = 0; };
		EDE4AAE3F31B4A7BA6D4E889 /* SVN-Poppins SemiBold.ttf */ = {isa = PBXFileReference; name = "SVN-Poppins SemiBold.ttf"; path = "../assets/fonts/SVN-Poppins SemiBold.ttf"; sourceTree = "<group>"; fileEncoding = undefined; lastKnownFileType = unknown; explicitFileType = undefined; includeInIndex = 0; };
/* End PBXFileReference section */

/* Begin PBXFrameworksBuildPhase section */
		00E356EB1AD99517003FC87E /* Frameworks */ = {
			isa = PBXFrameworksBuildPhase;
			buildActionMask = 2147483647;
			files = (
			);
			runOnlyForDeploymentPostprocessing = 0;
		};
		13B07F8C1A680F5B00A75B9A /* Frameworks */ = {
			isa = PBXFrameworksBuildPhase;
			buildActionMask = 2147483647;
			files = (
			);
			runOnlyForDeploymentPostprocessing = 0;
		};
/* End PBXFrameworksBuildPhase section */

/* Begin PBXGroup section */
		00E356EF1AD99517003FC87E /* NFoodTests */ = {
			isa = PBXGroup;
			children = (
				00E356F21AD99517003FC87E /* NFoodTests.m */,
				00E356F01AD99517003FC87E /* Supporting Files */,
			);
			path = NFoodTests;
			sourceTree = "<group>";
		};
		00E356F01AD99517003FC87E /* Supporting Files */ = {
			isa = PBXGroup;
			children = (
				00E356F11AD99517003FC87E /* Info.plist */,
			);
			name = "Supporting Files";
			sourceTree = "<group>";
		};
		13B07FAE1A68108700A75B9A /* NFood */ = {
			isa = PBXGroup;
			children = (
				13B07FAF1A68108700A75B9A /* AppDelegate.h */,
				13B07FB01A68108700A75B9A /* AppDelegate.m */,
				13B07FB51A68108700A75B9A /* Images.xcassets */,
				13B07FB61A68108700A75B9A /* Info.plist */,
				81AB9BB72411601600AC10FF /* LaunchScreen.storyboard */,
				13B07FB71A68108700A75B9A /* main.m */,
			);
			name = NFood;
			sourceTree = "<group>";
		};
		2D16E6871FA4F8E400B85C8A /* Frameworks */ = {
			isa = PBXGroup;
			children = (
				ED297162215061F000B7C4FE /* JavaScriptCore.framework */,
			);
			name = Frameworks;
			sourceTree = "<group>";
		};
		832341AE1AAA6A7D00B99B32 /* Libraries */ = {
			isa = PBXGroup;
			children = (
			);
			name = Libraries;
			sourceTree = "<group>";
		};
		83CBB9F61A601CBA00E9B192 = {
			isa = PBXGroup;
			children = (
				13B07FAE1A68108700A75B9A /* NFood */,
				832341AE1AAA6A7D00B99B32 /* Libraries */,
				00E356EF1AD99517003FC87E /* NFoodTests */,
				83CBBA001A601CBA00E9B192 /* Products */,
				2D16E6871FA4F8E400B85C8A /* Frameworks */,
				4FA8F5C19CED41EAA868CF0C /* Resources */,
			);
			indentWidth = 2;
			sourceTree = "<group>";
			tabWidth = 2;
			usesTabs = 0;
		};
		83CBBA001A601CBA00E9B192 /* Products */ = {
			isa = PBXGroup;
			children = (
				13B07F961A680F5B00A75B9A /* NFood.app */,
				00E356EE1AD99517003FC87E /* NFoodTests.xctest */,
			);
			name = Products;
			sourceTree = "<group>";
		};
		4FA8F5C19CED41EAA868CF0C /* Resources */ = {
			isa = "PBXGroup";
			children = (
				402905D5FF494D3FB9D5D320 /* Avenir Book.ttf */,
				0147B88711FE42D6AB2741DD /* Guthen Bloots Personal Use.ttf */,
				C97E52A768DA493F9A9E5329 /* HelveticaNeue-Bold.otf */,
				C2813C5A30604BD5BE9A8EC1 /* HelveticaNeue.otf */,
				D0692EF0D66D4FC5BA37C5DF /* SF-UI-Display-Semibold.ttf */,
				07134791174E4270BF993C0E /* SF-UI-Text-Medium.ttf */,
				159A38A240644D1CB64742B1 /* SF-UI-Text-Regular.ttf */,
				386A1EC70D0F4758BCE10B9A /* SF-UI-Text-Semibold.ttf */,
				6130C8AEC80A4EB78539530A /* AntDesign.ttf */,
				F3556ED1062745C6AB9272F2 /* Entypo.ttf */,
				8F78E5A7D9784EAF92C5FE0D /* EvilIcons.ttf */,
				676F8604963F4EE19DC99FB2 /* Feather.ttf */,
				0DAE9E9F93674757A7C9DA57 /* FontAwesome.ttf */,
				90EBE5C7B11149E7A5E748DF /* FontAwesome5_Brands.ttf */,
				F4F2BF6C32F94FFF9D3F941F /* FontAwesome5_Regular.ttf */,
				C1258082A57B4FFB90CC08BF /* FontAwesome5_Solid.ttf */,
				90458D096D694BBD92A6E881 /* Fontisto.ttf */,
				8095CE1E8D1D406B888CBE58 /* Foundation.ttf */,
				4429ADCB7B704F70959D68B6 /* Ionicons.ttf */,
				80B078A57EEF47FDB8B1D825 /* MaterialCommunityIcons.ttf */,
				28EB9184FFE0414BAA318A13 /* MaterialIcons.ttf */,
				7A7CC921E4A44E4F9D9F9DA6 /* Octicons.ttf */,
				24BF8E330C4747C184EF07A8 /* SimpleLineIcons.ttf */,
				B03DBE8325B44843B44F2F8C /* Zocial.ttf */,
				B65AFAFD328647E9AD31ED84 /* Dongle-Bold.ttf */,
				1DE726EDFFA04E7694A15A93 /* Dongle-Light.ttf */,
				8F45C668B8B847C7BBD5DA59 /* Dongle-Regular.ttf */,
				7D45DEAF9440449BA836584C /* SVN-Poppins Black.ttf */,
				1BB08FFC61C24FBC8E05458E /* SVN-Poppins Bold.ttf */,
				B99F98AA11304EC4BEF25D6B /* SVN-Poppins Medium.ttf */,
				A1D6A61D6B694B9CAE0EB75D /* SVN-Poppins Regular.ttf */,
				EDE4AAE3F31B4A7BA6D4E889 /* SVN-Poppins SemiBold.ttf */,
			);
			name = Resources;
			sourceTree = "<group>";
			path = "";
		};
/* End PBXGroup section */

/* Begin PBXNativeTarget section */
		00E356ED1AD99517003FC87E /* NFoodTests */ = {
			isa = PBXNativeTarget;
			buildConfigurationList = 00E357021AD99517003FC87E /* Build configuration list for PBXNativeTarget "NFoodTests" */;
			buildPhases = (
				00E356EA1AD99517003FC87E /* Sources */,
				00E356EB1AD99517003FC87E /* Frameworks */,
				00E356EC1AD99517003FC87E /* Resources */,
			);
			buildRules = (
			);
			dependencies = (
				00E356F51AD99517003FC87E /* PBXTargetDependency */,
			);
			name = NFoodTests;
			productName = NFoodTests;
			productReference = 00E356EE1AD99517003FC87E /* NFoodTests.xctest */;
			productType = "com.apple.product-type.bundle.unit-test";
		};
		13B07F861A680F5B00A75B9A /* NFood */ = {
			isa = PBXNativeTarget;
			buildConfigurationList = 13B07F931A680F5B00A75B9A /* Build configuration list for PBXNativeTarget "NFood" */;
			buildPhases = (
				FD10A7F022414F080027D42C /* Start Packager */,
				13B07F871A680F5B00A75B9A /* Sources */,
				13B07F8C1A680F5B00A75B9A /* Frameworks */,
				13B07F8E1A680F5B00A75B9A /* Resources */,
				00DD1BFF1BD5951E006B06BC /* Bundle React Native code and images */,
			);
			buildRules = (
			);
			dependencies = (
			);
			name = NFood;
			productName = NFood;
			productReference = 13B07F961A680F5B00A75B9A /* NFood.app */;
			productType = "com.apple.product-type.application";
		};
/* End PBXNativeTarget section */

/* Begin PBXProject section */
		83CBB9F71A601CBA00E9B192 /* Project object */ = {
			isa = PBXProject;
			attributes = {
				LastUpgradeCheck = 1210;
				TargetAttributes = {
					00E356ED1AD99517003FC87E = {
						CreatedOnToolsVersion = 6.2;
						TestTargetID = 13B07F861A680F5B00A75B9A;
					};
					13B07F861A680F5B00A75B9A = {
						LastSwiftMigration = 1120;
					};
				};
			};
			buildConfigurationList = 83CBB9FA1A601CBA00E9B192 /* Build configuration list for PBXProject "NFood" */;
			compatibilityVersion = "Xcode 12.0";
			developmentRegion = en;
			hasScannedForEncodings = 0;
			knownRegions = (
				en,
				Base,
			);
			mainGroup = 83CBB9F61A601CBA00E9B192;
			productRefGroup = 83CBBA001A601CBA00E9B192 /* Products */;
			projectDirPath = "";
			projectRoot = "";
			targets = (
				13B07F861A680F5B00A75B9A /* NFood */,
				00E356ED1AD99517003FC87E /* NFoodTests */,
			);
		};
/* End PBXProject section */

/* Begin PBXResourcesBuildPhase section */
		00E356EC1AD99517003FC87E /* Resources */ = {
			isa = PBXResourcesBuildPhase;
			buildActionMask = 2147483647;
			files = (
			);
			runOnlyForDeploymentPostprocessing = 0;
		};
		13B07F8E1A680F5B00A75B9A /* Resources */ = {
			isa = PBXResourcesBuildPhase;
			buildActionMask = 2147483647;
			files = (
				81AB9BB82411601600AC10FF /* LaunchScreen.storyboard in Resources */,
				13B07FBF1A68108700A75B9A /* Images.xcassets in Resources */,
				7F994030C7734E9BAE47CD7B /* Avenir Book.ttf in Resources */,
				D8AC3E5455AA49C9A23F1213 /* Guthen Bloots Personal Use.ttf in Resources */,
				FE8F09A2D4A84155876B0717 /* HelveticaNeue-Bold.otf in Resources */,
				6CB7F5DFA1A34F129690D866 /* HelveticaNeue.otf in Resources */,
				22D8557746214B12ACF8B714 /* SF-UI-Display-Semibold.ttf in Resources */,
				C718ADF355054F77A9206E21 /* SF-UI-Text-Medium.ttf in Resources */,
				E15600CFA3714F5192581DCB /* SF-UI-Text-Regular.ttf in Resources */,
				F66466651756498989B2FEC9 /* SF-UI-Text-Semibold.ttf in Resources */,
				04D2A6A9555447B0B51F413D /* AntDesign.ttf in Resources */,
				54F26BDE9BC3491FAE46F057 /* Entypo.ttf in Resources */,
				F14F5002A7CF4A308690ADDC /* EvilIcons.ttf in Resources */,
				E38B3772F21D4E64BA8A4C6C /* Feather.ttf in Resources */,
				5F2D4FCB7B9B40F0BD11BE97 /* FontAwesome.ttf in Resources */,
				5ECE44A8496E4975A55A028E /* FontAwesome5_Brands.ttf in Resources */,
				B137C4FAA18B4D21B05F53C2 /* FontAwesome5_Regular.ttf in Resources */,
				600DE156131D463BB8C61953 /* FontAwesome5_Solid.ttf in Resources */,
				CA74C812A17745D19E3B342C /* Fontisto.ttf in Resources */,
				D08D2778CEBD4F1B99867523 /* Foundation.ttf in Resources */,
				48A754AB41334184824A2930 /* Ionicons.ttf in Resources */,
				E0C8716C296F409A892BE03B /* MaterialCommunityIcons.ttf in Resources */,
				4B9C7620FCD84F08992A76C9 /* MaterialIcons.ttf in Resources */,
				B1EBFCCA453B4CA3AD1CB361 /* Octicons.ttf in Resources */,
				02863B90ACE6417FA2143A75 /* SimpleLineIcons.ttf in Resources */,
				86AA715AD084487185880170 /* Zocial.ttf in Resources */,
				AF58F2356B0E49B5BBB2123D /* Dongle-Bold.ttf in Resources */,
				AF750E1059A94AD083E938EE /* Dongle-Light.ttf in Resources */,
				F32DF794C30048B9A98824B8 /* Dongle-Regular.ttf in Resources */,
				E60F6ECD319341B5AC0BBA11 /* SVN-Poppins Black.ttf in Resources */,
				EA06F94893714EACB02D7F61 /* SVN-Poppins Bold.ttf in Resources */,
				F532C8F7860C4D68BE0CC30E /* SVN-Poppins Medium.ttf in Resources */,
				A9B1A8BBC1A94F178FECFBAE /* SVN-Poppins Regular.ttf in Resources */,
				ABE3BF10510E427D896C598F /* SVN-Poppins SemiBold.ttf in Resources */,
			);
			runOnlyForDeploymentPostprocessing = 0;
		};
/* End PBXResourcesBuildPhase section */

/* Begin PBXShellScriptBuildPhase section */
		00DD1BFF1BD5951E006B06BC /* Bundle React Native code and images */ = {
			isa = PBXShellScriptBuildPhase;
			buildActionMask = 2147483647;
			files = (
			);
			inputPaths = (
			);
			name = "Bundle React Native code and images";
			outputPaths = (
			);
			runOnlyForDeploymentPostprocessing = 0;
			shellPath = /bin/sh;
			shellScript = "set -e\n\nexport NODE_BINARY=node\n../node_modules/react-native/scripts/react-native-xcode.sh\n";
		};
		FD10A7F022414F080027D42C /* Start Packager */ = {
			isa = PBXShellScriptBuildPhase;
			buildActionMask = 2147483647;
			files = (
			);
			inputFileListPaths = (
			);
			inputPaths = (
			);
			name = "Start Packager";
			outputFileListPaths = (
			);
			outputPaths = (
			);
			runOnlyForDeploymentPostprocessing = 0;
			shellPath = /bin/sh;
			shellScript = "export RCT_METRO_PORT=\"${RCT_METRO_PORT:=8081}\"\necho \"export RCT_METRO_PORT=${RCT_METRO_PORT}\" > \"${SRCROOT}/../node_modules/react-native/scripts/.packager.env\"\nif [ -z \"${RCT_NO_LAUNCH_PACKAGER+xxx}\" ] ; then\n  if nc -w 5 -z localhost ${RCT_METRO_PORT} ; then\n    if ! curl -s \"http://localhost:${RCT_METRO_PORT}/status\" | grep -q \"packager-status:running\" ; then\n      echo \"Port ${RCT_METRO_PORT} already in use, packager is either not running or not running correctly\"\n      exit 2\n    fi\n  else\n    open \"$SRCROOT/../node_modules/react-native/scripts/launchPackager.command\" || echo \"Can't start packager automatically\"\n  fi\nfi\n";
			showEnvVarsInLog = 0;
		};
/* End PBXShellScriptBuildPhase section */

/* Begin PBXSourcesBuildPhase section */
		00E356EA1AD99517003FC87E /* Sources */ = {
			isa = PBXSourcesBuildPhase;
			buildActionMask = 2147483647;
			files = (
				00E356F31AD99517003FC87E /* NFoodTests.m in Sources */,
			);
			runOnlyForDeploymentPostprocessing = 0;
		};
		13B07F871A680F5B00A75B9A /* Sources */ = {
			isa = PBXSourcesBuildPhase;
			buildActionMask = 2147483647;
			files = (
				13B07FBC1A68108700A75B9A /* AppDelegate.m in Sources */,
				13B07FC11A68108700A75B9A /* main.m in Sources */,
			);
			runOnlyForDeploymentPostprocessing = 0;
		};
/* End PBXSourcesBuildPhase section */

/* Begin PBXTargetDependency section */
		00E356F51AD99517003FC87E /* PBXTargetDependency */ = {
			isa = PBXTargetDependency;
			target = 13B07F861A680F5B00A75B9A /* NFood */;
			targetProxy = 00E356F41AD99517003FC87E /* PBXContainerItemProxy */;
		};
/* End PBXTargetDependency section */

/* Begin XCBuildConfiguration section */
		00E356F61AD99517003FC87E /* Debug */ = {
			isa = XCBuildConfiguration;
			buildSettings = {
				BUNDLE_LOADER = "$(TEST_HOST)";
				GCC_PREPROCESSOR_DEFINITIONS = (
					"DEBUG=1",
					"$(inherited)",
				);
				INFOPLIST_FILE = NFoodTests/Info.plist;
				IPHONEOS_DEPLOYMENT_TARGET = 11.0;
				LD_RUNPATH_SEARCH_PATHS = (
					"$(inherited)",
					"@executable_path/Frameworks",
					"@loader_path/Frameworks",
				);
				OTHER_LDFLAGS = (
					"-ObjC",
					"-lc++",
					"$(inherited)",
				);
				PRODUCT_BUNDLE_IDENTIFIER = "org.reactjs.native.example.$(PRODUCT_NAME:rfc1034identifier)";
				PRODUCT_NAME = "$(TARGET_NAME)";
				TEST_HOST = "$(BUILT_PRODUCTS_DIR)/NFood.app/NFood";
			};
			name = Debug;
		};
		00E356F71AD99517003FC87E /* Release */ = {
			isa = XCBuildConfiguration;
			buildSettings = {
				BUNDLE_LOADER = "$(TEST_HOST)";
				COPY_PHASE_STRIP = NO;
				INFOPLIST_FILE = NFoodTests/Info.plist;
				IPHONEOS_DEPLOYMENT_TARGET = 11.0;
				LD_RUNPATH_SEARCH_PATHS = (
					"$(inherited)",
					"@executable_path/Frameworks",
					"@loader_path/Frameworks",
				);
				OTHER_LDFLAGS = (
					"-ObjC",
					"-lc++",
					"$(inherited)",
				);
				PRODUCT_BUNDLE_IDENTIFIER = "org.reactjs.native.example.$(PRODUCT_NAME:rfc1034identifier)";
				PRODUCT_NAME = "$(TARGET_NAME)";
				TEST_HOST = "$(BUILT_PRODUCTS_DIR)/NFood.app/NFood";
			};
			name = Release;
		};
		13B07F941A680F5B00A75B9A /* Debug */ = {
			isa = XCBuildConfiguration;
			buildSettings = {
				ASSETCATALOG_COMPILER_APPICON_NAME = AppIcon;
				CLANG_ENABLE_MODULES = YES;
				CURRENT_PROJECT_VERSION = 1;
				ENABLE_BITCODE = NO;
				INFOPLIST_FILE = NFood/Info.plist;
				LD_RUNPATH_SEARCH_PATHS = (
					"$(inherited)",
					"@executable_path/Frameworks",
				);
				OTHER_LDFLAGS = (
					"$(inherited)",
					"-ObjC",
					"-lc++",
				);
				PRODUCT_BUNDLE_IDENTIFIER = "org.reactjs.native.example.$(PRODUCT_NAME:rfc1034identifier)";
				PRODUCT_NAME = NFood;
				SWIFT_OPTIMIZATION_LEVEL = "-Onone";
				SWIFT_VERSION = 5.0;
				VERSIONING_SYSTEM = "apple-generic";
			};
			name = Debug;
		};
		13B07F951A680F5B00A75B9A /* Release */ = {
			isa = XCBuildConfiguration;
			buildSettings = {
				ASSETCATALOG_COMPILER_APPICON_NAME = AppIcon;
				CLANG_ENABLE_MODULES = YES;
				CURRENT_PROJECT_VERSION = 1;
				INFOPLIST_FILE = NFood/Info.plist;
				LD_RUNPATH_SEARCH_PATHS = (
					"$(inherited)",
					"@executable_path/Frameworks",
				);
				OTHER_LDFLAGS = (
					"$(inherited)",
					"-ObjC",
					"-lc++",
				);
				PRODUCT_BUNDLE_IDENTIFIER = "org.reactjs.native.example.$(PRODUCT_NAME:rfc1034identifier)";
				PRODUCT_NAME = NFood;
				SWIFT_VERSION = 5.0;
				VERSIONING_SYSTEM = "apple-generic";
			};
			name = Release;
		};
		83CBBA201A601CBA00E9B192 /* Debug */ = {
			isa = XCBuildConfiguration;
			buildSettings = {
				ALWAYS_SEARCH_USER_PATHS = NO;
				CLANG_ANALYZER_LOCALIZABILITY_NONLOCALIZED = YES;
				CLANG_CXX_LANGUAGE_STANDARD = "gnu++0x";
				CLANG_CXX_LIBRARY = "libc++";
				CLANG_ENABLE_MODULES = YES;
				CLANG_ENABLE_OBJC_ARC = YES;
				CLANG_WARN_BLOCK_CAPTURE_AUTORELEASING = YES;
				CLANG_WARN_BOOL_CONVERSION = YES;
				CLANG_WARN_COMMA = YES;
				CLANG_WARN_CONSTANT_CONVERSION = YES;
				CLANG_WARN_DEPRECATED_OBJC_IMPLEMENTATIONS = YES;
				CLANG_WARN_DIRECT_OBJC_ISA_USAGE = YES_ERROR;
				CLANG_WARN_EMPTY_BODY = YES;
				CLANG_WARN_ENUM_CONVERSION = YES;
				CLANG_WARN_INFINITE_RECURSION = YES;
				CLANG_WARN_INT_CONVERSION = YES;
				CLANG_WARN_NON_LITERAL_NULL_CONVERSION = YES;
				CLANG_WARN_OBJC_IMPLICIT_RETAIN_SELF = YES;
				CLANG_WARN_OBJC_LITERAL_CONVERSION = YES;
				CLANG_WARN_OBJC_ROOT_CLASS = YES_ERROR;
				CLANG_WARN_QUOTED_INCLUDE_IN_FRAMEWORK_HEADER = YES;
				CLANG_WARN_RANGE_LOOP_ANALYSIS = YES;
				CLANG_WARN_STRICT_PROTOTYPES = YES;
				CLANG_WARN_SUSPICIOUS_MOVE = YES;
				CLANG_WARN_UNREACHABLE_CODE = YES;
				CLANG_WARN__DUPLICATE_METHOD_MATCH = YES;
				"CODE_SIGN_IDENTITY[sdk=iphoneos*]" = "iPhone Developer";
				COPY_PHASE_STRIP = NO;
				ENABLE_STRICT_OBJC_MSGSEND = YES;
				ENABLE_TESTABILITY = YES;
				GCC_C_LANGUAGE_STANDARD = gnu99;
				GCC_DYNAMIC_NO_PIC = NO;
				GCC_NO_COMMON_BLOCKS = YES;
				GCC_OPTIMIZATION_LEVEL = 0;
				GCC_PREPROCESSOR_DEFINITIONS = (
					"DEBUG=1",
					"$(inherited)",
				);
				GCC_SYMBOLS_PRIVATE_EXTERN = NO;
				GCC_WARN_64_TO_32_BIT_CONVERSION = YES;
				GCC_WARN_ABOUT_RETURN_TYPE = YES_ERROR;
				GCC_WARN_UNDECLARED_SELECTOR = YES;
				GCC_WARN_UNINITIALIZED_AUTOS = YES_AGGRESSIVE;
				GCC_WARN_UNUSED_FUNCTION = YES;
				GCC_WARN_UNUSED_VARIABLE = YES;
				IPHONEOS_DEPLOYMENT_TARGET = 11.0;
				LD_RUNPATH_SEARCH_PATHS = (
					/usr/lib/swift,
					"$(inherited)",
				);
				LIBRARY_SEARCH_PATHS = (
					"\"$(SDKROOT)/usr/lib/swift\"",
					"\"$(TOOLCHAIN_DIR)/usr/lib/swift/$(PLATFORM_NAME)\"",
					"\"$(TOOLCHAIN_DIR)/usr/lib/swift-5.0/$(PLATFORM_NAME)\"",
					"\"$(inherited)\"",
				);
				MTL_ENABLE_DEBUG_INFO = YES;
				ONLY_ACTIVE_ARCH = YES;
				SDKROOT = iphoneos;
			};
			name = Debug;
		};
		83CBBA211A601CBA00E9B192 /* Release */ = {
			isa = XCBuildConfiguration;
			buildSettings = {
				ALWAYS_SEARCH_USER_PATHS = NO;
				CLANG_ANALYZER_LOCALIZABILITY_NONLOCALIZED = YES;
				CLANG_CXX_LANGUAGE_STANDARD = "gnu++0x";
				CLANG_CXX_LIBRARY = "libc++";
				CLANG_ENABLE_MODULES = YES;
				CLANG_ENABLE_OBJC_ARC = YES;
				CLANG_WARN_BLOCK_CAPTURE_AUTORELEASING = YES;
				CLANG_WARN_BOOL_CONVERSION = YES;
				CLANG_WARN_COMMA = YES;
				CLANG_WARN_CONSTANT_CONVERSION = YES;
				CLANG_WARN_DEPRECATED_OBJC_IMPLEMENTATIONS = YES;
				CLANG_WARN_DIRECT_OBJC_ISA_USAGE = YES_ERROR;
				CLANG_WARN_EMPTY_BODY = YES;
				CLANG_WARN_ENUM_CONVERSION = YES;
				CLANG_WARN_INFINITE_RECURSION = YES;
				CLANG_WARN_INT_CONVERSION = YES;
				CLANG_WARN_NON_LITERAL_NULL_CONVERSION = YES;
				CLANG_WARN_OBJC_IMPLICIT_RETAIN_SELF = YES;
				CLANG_WARN_OBJC_LITERAL_CONVERSION = YES;
				CLANG_WARN_OBJC_ROOT_CLASS = YES_ERROR;
				CLANG_WARN_QUOTED_INCLUDE_IN_FRAMEWORK_HEADER = YES;
				CLANG_WARN_RANGE_LOOP_ANALYSIS = YES;
				CLANG_WARN_STRICT_PROTOTYPES = YES;
				CLANG_WARN_SUSPICIOUS_MOVE = YES;
				CLANG_WARN_UNREACHABLE_CODE = YES;
				CLANG_WARN__DUPLICATE_METHOD_MATCH = YES;
				"CODE_SIGN_IDENTITY[sdk=iphoneos*]" = "iPhone Developer";
				COPY_PHASE_STRIP = YES;
				ENABLE_NS_ASSERTIONS = NO;
				ENABLE_STRICT_OBJC_MSGSEND = YES;
				GCC_C_LANGUAGE_STANDARD = gnu99;
				GCC_NO_COMMON_BLOCKS = YES;
				GCC_WARN_64_TO_32_BIT_CONVERSION = YES;
				GCC_WARN_ABOUT_RETURN_TYPE = YES_ERROR;
				GCC_WARN_UNDECLARED_SELECTOR = YES;
				GCC_WARN_UNINITIALIZED_AUTOS = YES_AGGRESSIVE;
				GCC_WARN_UNUSED_FUNCTION = YES;
				GCC_WARN_UNUSED_VARIABLE = YES;
				IPHONEOS_DEPLOYMENT_TARGET = 11.0;
				LD_RUNPATH_SEARCH_PATHS = (
					/usr/lib/swift,
					"$(inherited)",
				);
				LIBRARY_SEARCH_PATHS = (
					"\"$(SDKROOT)/usr/lib/swift\"",
					"\"$(TOOLCHAIN_DIR)/usr/lib/swift/$(PLATFORM_NAME)\"",
					"\"$(TOOLCHAIN_DIR)/usr/lib/swift-5.0/$(PLATFORM_NAME)\"",
					"\"$(inherited)\"",
				);
				MTL_ENABLE_DEBUG_INFO = NO;
				SDKROOT = iphoneos;
				VALIDATE_PRODUCT = YES;
			};
			name = Release;
		};
/* End XCBuildConfiguration section */

/* Begin XCConfigurationList section */
		00E357021AD99517003FC87E /* Build configuration list for PBXNativeTarget "NFoodTests" */ = {
			isa = XCConfigurationList;
			buildConfigurations = (
				00E356F61AD99517003FC87E /* Debug */,
				00E356F71AD99517003FC87E /* Release */,
			);
			defaultConfigurationIsVisible = 0;
			defaultConfigurationName = Release;
		};
		13B07F931A680F5B00A75B9A /* Build configuration list for PBXNativeTarget "NFood" */ = {
			isa = XCConfigurationList;
			buildConfigurations = (
				13B07F941A680F5B00A75B9A /* Debug */,
				13B07F951A680F5B00A75B9A /* Release */,
			);
			defaultConfigurationIsVisible = 0;
			defaultConfigurationName = Release;
		};
		83CBB9FA1A601CBA00E9B192 /* Build configuration list for PBXProject "NFood" */ = {
			isa = XCConfigurationList;
			buildConfigurations = (
				83CBBA201A601CBA00E9B192 /* Debug */,
				83CBBA211A601CBA00E9B192 /* Release */,
			);
			defaultConfigurationIsVisible = 0;
			defaultConfigurationName = Release;
		};
/* End XCConfigurationList section */
	};
	rootObject = 83CBB9F71A601CBA00E9B192 /* Project object */;
}
